
Microsoft Visual Studio Solution File, Format Version 12.00
# Visual Studio Version 17
VisualStudioVersion = 17.1.32210.238
MinimumVisualStudioVersion = 10.0.40219.1
Project("{FAE04EC0-301F-11D3-BF4B-00C04F79EFBC}") = "WindowsFormColaCircular", "WindowsFormColaCircular\WindowsFormColaCircular.csproj", "{F51E6B22-B49E-400E-81C5-A4587B3950DE}"
EndProject
Global
	GlobalSection(SolutionConfigurationPlatforms) = preSolution
		Debug|Any CPU = Debug|Any CPU
		Release|Any CPU = Release|Any CPU
	EndGlobalSection
	GlobalSection(ProjectConfigurationPlatforms) = postSolution
		{F51E6B22-B49E-400E-81C5-A4587B3950DE}.Debug|Any CPU.ActiveCfg = Debug|Any CPU
		{F51E6B22-B49E-400E-81C5-A4587B3950DE}.Debug|Any CPU.Build.0 = Debug|Any CPU
		{F51E6B22-B49E-400E-81C5-A4587B3950DE}.Release|Any CPU.ActiveCfg = Release|Any CPU
		{F51E6B22-B49E-400E-81C5-A4587B3950DE}.Release|Any CPU.Build.0 = Release|Any CPU
	EndGlobalSection
	GlobalSection(SolutionProperties) = preSolution
		HideSolutionNode = FALSE
	EndGlobalSection
	GlobalSection(ExtensibilityGlobals) = postSolution
		SolutionGuid = {B56D9CAE-7193-45CD-881D-B9A8BE4152E4}
	EndGlobalSection
EndGlobal
